
Microsoft Visual Studio Solution File, Format Version 12.00
# Visual Studio Version 16
VisualStudioVersion = 16.0.30523.141
MinimumVisualStudioVersion = 10.0.40219.1
Project("{9A19103F-16F7-4668-BE54-9A1E7A4F7556}") = "WebApplication.WebApp", "WebApplication.WebApp\WebApplication.WebApp.csproj", "{936B6FC8-B04F-4F9F-9817-241021B8EA08}"
EndProject
Project("{2150E333-8FDC-42A3-9474-1A3956D46DE8}") = "Solution Items", "Solution Items", "{E2245089-496A-40B7-B798-505FFEB387DE}"
	ProjectSection(SolutionItems) = preProject
		README.md = README.md
	EndProjectSection
EndProject
Global
	GlobalSection(SolutionConfigurationPlatforms) = preSolution
		Debug|Any CPU = Debug|Any CPU
		Release|Any CPU = Release|Any CPU
	EndGlobalSection
	GlobalSection(ProjectConfigurationPlatforms) = postSolution
		{936B6FC8-B04F-4F9F-9817-241021B8EA08}.Debug|Any CPU.ActiveCfg = Debug|Any CPU
		{936B6FC8-B04F-4F9F-9817-241021B8EA08}.Debug|Any CPU.Build.0 = Debug|Any CPU
		{936B6FC8-B04F-4F9F-9817-241021B8EA08}.Release|Any CPU.ActiveCfg = Release|Any CPU
		{936B6FC8-B04F-4F9F-9817-241021B8EA08}.Release|Any CPU.Build.0 = Release|Any CPU
	EndGlobalSection
	GlobalSection(SolutionProperties) = preSolution
		HideSolutionNode = FALSE
	EndGlobalSection
	GlobalSection(ExtensibilityGlobals) = postSolution
		SolutionGuid = {48F5871C-67D3-405F-8165-8D8F09312F22}
	EndGlobalSection
EndGlobal
