
Microsoft Visual Studio Solution File, Format Version 12.00
# Visual Studio Version 16
VisualStudioVersion = 16.0.30523.141
MinimumVisualStudioVersion = 10.0.40219.1
Project("{FAE04EC0-301F-11D3-BF4B-00C04F79EFBC}") = "WebApplication.WebApp", "WebApplication.WebApp\WebApplication.WebApp.csproj", "{936B6FC8-B04F-4F9F-9817-241021B8EA08}"
EndProject
Global
	GlobalSection(SolutionConfigurationPlatforms) = preSolution
		Debug|Any CPU = Debug|Any CPU
		Release|Any CPU = Release|Any CPU
	EndGlobalSection
	GlobalSection(ProjectConfigurationPlatforms) = postSolution
		{936B6FC8-B04F-4F9F-9817-241021B8EA08}.Debug|Any CPU.ActiveCfg = Debug|Any CPU
		{936B6FC8-B04F-4F9F-9817-241021B8EA08}.Debug|Any CPU.Build.0 = Debug|Any CPU
		{936B6FC8-B04F-4F9F-9817-241021B8EA08}.Release|Any CPU.ActiveCfg = Release|Any CPU
		{936B6FC8-B04F-4F9F-9817-241021B8EA08}.Release|Any CPU.Build.0 = Release|Any CPU
	EndGlobalSection
	GlobalSection(SolutionProperties) = preSolution
		HideSolutionNode = FALSE
	EndGlobalSection
	GlobalSection(ExtensibilityGlobals) = postSolution
		SolutionGuid = {48F5871C-67D3-405F-8165-8D8F09312F22}
	EndGlobalSection
EndGlobal
